
Microsoft Visual Studio Solution File, Format Version 12.00
# Visual Studio Version 16
VisualStudioVersion = 16.0.29613.14
MinimumVisualStudioVersion = 10.0.40219.1
Project("{FAE04EC0-301F-11D3-BF4B-00C04F79EFBC}") = "Teste", "Teste\Teste.csproj", "{FD911EE5-B492-469A-9CD1-CA97541B72D4}"
EndProject
Global
	GlobalSection(SolutionConfigurationPlatforms) = preSolution
		Debug|Any CPU = Debug|Any CPU
		Release|Any CPU = Release|Any CPU
	EndGlobalSection
	GlobalSection(ProjectConfigurationPlatforms) = postSolution
		{FD911EE5-B492-469A-9CD1-CA97541B72D4}.Debug|Any CPU.ActiveCfg = Debug|Any CPU
		{FD911EE5-B492-469A-9CD1-CA97541B72D4}.Debug|Any CPU.Build.0 = Debug|Any CPU
		{FD911EE5-B492-469A-9CD1-CA97541B72D4}.Release|Any CPU.ActiveCfg = Release|Any CPU
		{FD911EE5-B492-469A-9CD1-CA97541B72D4}.Release|Any CPU.Build.0 = Release|Any CPU
	EndGlobalSection
	GlobalSection(SolutionProperties) = preSolution
		HideSolutionNode = FALSE
	EndGlobalSection
	GlobalSection(ExtensibilityGlobals) = postSolution
		SolutionGuid = {7925F10E-6D3F-44B9-8FF0-45BECDF1B464}
	EndGlobalSection
EndGlobal
